
Microsoft Visual Studio Solution File, Format Version 12.00
# Visual Studio Version 17
VisualStudioVersion = 17.4.33213.308
MinimumVisualStudioVersion = 10.0.40219.1
Project("{FAE04EC0-301F-11D3-BF4B-00C04F79EFBC}") = "modul5_1302210041", "modul5_1302210041.csproj", "{64BA19E2-941E-4041-ACD5-6B2217A4FEDB}"
EndProject
Global
	GlobalSection(SolutionConfigurationPlatforms) = preSolution
		Debug|Any CPU = Debug|Any CPU
		Release|Any CPU = Release|Any CPU
	EndGlobalSection
	GlobalSection(ProjectConfigurationPlatforms) = postSolution
		{64BA19E2-941E-4041-ACD5-6B2217A4FEDB}.Debug|Any CPU.ActiveCfg = Debug|Any CPU
		{64BA19E2-941E-4041-ACD5-6B2217A4FEDB}.Debug|Any CPU.Build.0 = Debug|Any CPU
		{64BA19E2-941E-4041-ACD5-6B2217A4FEDB}.Release|Any CPU.ActiveCfg = Release|Any CPU
		{64BA19E2-941E-4041-ACD5-6B2217A4FEDB}.Release|Any CPU.Build.0 = Release|Any CPU
	EndGlobalSection
	GlobalSection(SolutionProperties) = preSolution
		HideSolutionNode = FALSE
	EndGlobalSection
	GlobalSection(ExtensibilityGlobals) = postSolution
		SolutionGuid = {E5BF165F-C6A0-457C-A25B-E9E18EAE1D9D}
	EndGlobalSection
EndGlobal
